// !$*UTF8*$!
{
	archiveVersion = 1;
	classes = {
	};
	objectVersion = 77;
	objects = {

/* Begin PBXContainerItemProxy section */
		F501391A2DBA3BFD00474F1F /* PBXContainerItemProxy */ = {
			isa = PBXContainerItemProxy;
			containerPortal = F50138FB2DBA3BFA00474F1F /* Project object */;
			proxyType = 1;
			remoteGlobalIDString = F50139022DBA3BFA00474F1F;
			remoteInfo = EnVTest2;
		};
		F50139242DBA3BFD00474F1F /* PBXContainerItemProxy */ = {
			isa = PBXContainerItemProxy;
			containerPortal = F50138FB2DBA3BFA00474F1F /* Project object */;
			proxyType = 1;
			remoteGlobalIDString = F50139022DBA3BFA00474F1F;
			remoteInfo = EnVTest2;
		};
/* End PBXContainerItemProxy section */

/* Begin PBXFileReference section */
		F50139032DBA3BFA00474F1F /* EnVTest2.app */ = {isa = PBXFileReference; explicitFileType = wrapper.application; includeInIndex = 0; path = EnVTest2.app; sourceTree = BUILT_PRODUCTS_DIR; };
		F50139192DBA3BFD00474F1F /* EnVTest2Tests.xctest */ = {isa = PBXFileReference; explicitFileType = wrapper.cfbundle; includeInIndex = 0; path = EnVTest2Tests.xctest; sourceTree = BUILT_PRODUCTS_DIR; };
		F50139232DBA3BFD00474F1F /* EnVTest2UITests.xctest */ = {isa = PBXFileReference; explicitFileType = wrapper.cfbundle; includeInIndex = 0; path = EnVTest2UITests.xctest; sourceTree = BUILT_PRODUCTS_DIR; };
/* End PBXFileReference section */

/* Begin PBXFileSystemSynchronizedBuildFileExceptionSet section */
		F501392B2DBA3BFD00474F1F /* Exceptions for "EnVTest2" folder in "EnVTest2" target */ = {
			isa = PBXFileSystemSynchronizedBuildFileExceptionSet;
			membershipExceptions = (
				Info.plist,
			);
			target = F50139022DBA3BFA00474F1F /* EnVTest2 */;
		};
/* End PBXFileSystemSynchronizedBuildFileExceptionSet section */

/* Begin PBXFileSystemSynchronizedRootGroup section */
		F50139052DBA3BFA00474F1F /* EnVTest2 */ = {
			isa = PBXFileSystemSynchronizedRootGroup;
			exceptions = (
				F501392B2DBA3BFD00474F1F /* Exceptions for "EnVTest2" folder in "EnVTest2" target */,
			);
			path = EnVTest2;
			sourceTree = "<group>";
		};
		F501391C2DBA3BFD00474F1F /* EnVTest2Tests */ = {
			isa = PBXFileSystemSynchronizedRootGroup;
			path = EnVTest2Tests;
			sourceTree = "<group>";
		};
		F50139262DBA3BFD00474F1F /* EnVTest2UITests */ = {
			isa = PBXFileSystemSynchronizedRootGroup;
			path = EnVTest2UITests;
			sourceTree = "<group>";
		};
/* End PBXFileSystemSynchronizedRootGroup section */

/* Begin PBXFrameworksBuildPhase section */
		F50139002DBA3BFA00474F1F /* Frameworks */ = {
			isa = PBXFrameworksBuildPhase;
			buildActionMask = 2147483647;
			files = (
			);
			runOnlyForDeploymentPostprocessing = 0;
		};
		F50139162DBA3BFD00474F1F /* Frameworks */ = {
			isa = PBXFrameworksBuildPhase;
			buildActionMask = 2147483647;
			files = (
			);
			runOnlyForDeploymentPostprocessing = 0;
		};
		F50139202DBA3BFD00474F1F /* Frameworks */ = {
			isa = PBXFrameworksBuildPhase;
			buildActionMask = 2147483647;
			files = (
			);
			runOnlyForDeploymentPostprocessing = 0;
		};
/* End PBXFrameworksBuildPhase section */

/* Begin PBXGroup section */
		F50138FA2DBA3BFA00474F1F = {
			isa = PBXGroup;
			children = (
				F50139052DBA3BFA00474F1F /* EnVTest2 */,
				F501391C2DBA3BFD00474F1F /* EnVTest2Tests */,
				F50139262DBA3BFD00474F1F /* EnVTest2UITests */,
				F50139042DBA3BFA00474F1F /* Products */,
			);
			sourceTree = "<group>";
		};
		F50139042DBA3BFA00474F1F /* Products */ = {
			isa = PBXGroup;
			children = (
				F50139032DBA3BFA00474F1F /* EnVTest2.app */,
				F50139192DBA3BFD00474F1F /* EnVTest2Tests.xctest */,
				F50139232DBA3BFD00474F1F /* EnVTest2UITests.xctest */,
			);
			name = Products;
			sourceTree = "<group>";
		};
/* End PBXGroup section */

/* Begin PBXNativeTarget section */
		F50139022DBA3BFA00474F1F /* EnVTest2 */ = {
			isa = PBXNativeTarget;
			buildConfigurationList = F501392C2DBA3BFD00474F1F /* Build configuration list for PBXNativeTarget "EnVTest2" */;
			buildPhases = (
				F50138FF2DBA3BFA00474F1F /* Sources */,
				F50139002DBA3BFA00474F1F /* Frameworks */,
				F50139012DBA3BFA00474F1F /* Resources */,
			);
			buildRules = (
			);
			dependencies = (
			);
			fileSystemSynchronizedGroups = (
				F50139052DBA3BFA00474F1F /* EnVTest2 */,
			);
			name = EnVTest2;
			packageProductDependencies = (
			);
			productName = EnVTest2;
			productReference = F50139032DBA3BFA00474F1F /* EnVTest2.app */;
			productType = "com.apple.product-type.application";
		};
		F50139182DBA3BFD00474F1F /* EnVTest2Tests */ = {
			isa = PBXNativeTarget;
			buildConfigurationList = F50139312DBA3BFD00474F1F /* Build configuration list for PBXNativeTarget "EnVTest2Tests" */;
			buildPhases = (
				F50139152DBA3BFD00474F1F /* Sources */,
				F50139162DBA3BFD00474F1F /* Frameworks */,
				F50139172DBA3BFD00474F1F /* Resources */,
			);
			buildRules = (
			);
			dependencies = (
				F501391B2DBA3BFD00474F1F /* PBXTargetDependency */,
			);
			fileSystemSynchronizedGroups = (
				F501391C2DBA3BFD00474F1F /* EnVTest2Tests */,
			);
			name = EnVTest2Tests;
			packageProductDependencies = (
			);
			productName = EnVTest2Tests;
			productReference = F50139192DBA3BFD00474F1F /* EnVTest2Tests.xctest */;
			productType = "com.apple.product-type.bundle.unit-test";
		};
		F50139222DBA3BFD00474F1F /* EnVTest2UITests */ = {
			isa = PBXNativeTarget;
			buildConfigurationList = F50139342DBA3BFD00474F1F /* Build configuration list for PBXNativeTarget "EnVTest2UITests" */;
			buildPhases = (
				F501391F2DBA3BFD00474F1F /* Sources */,
				F50139202DBA3BFD00474F1F /* Frameworks */,
				F50139212DBA3BFD00474F1F /* Resources */,
			);
			buildRules = (
			);
			dependencies = (
				F50139252DBA3BFD00474F1F /* PBXTargetDependency */,
			);
			fileSystemSynchronizedGroups = (
				F50139262DBA3BFD00474F1F /* EnVTest2UITests */,
			);
			name = EnVTest2UITests;
			packageProductDependencies = (
			);
			productName = EnVTest2UITests;
			productReference = F50139232DBA3BFD00474F1F /* EnVTest2UITests.xctest */;
			productType = "com.apple.product-type.bundle.ui-testing";
		};
/* End PBXNativeTarget section */

/* Begin PBXProject section */
		F50138FB2DBA3BFA00474F1F /* Project object */ = {
			isa = PBXProject;
			attributes = {
				BuildIndependentTargetsInParallel = 1;
				LastSwiftUpdateCheck = 1630;
				LastUpgradeCheck = 1630;
				TargetAttributes = {
					F50139022DBA3BFA00474F1F = {
						CreatedOnToolsVersion = 16.3;
					};
					F50139182DBA3BFD00474F1F = {
						CreatedOnToolsVersion = 16.3;
						TestTargetID = F50139022DBA3BFA00474F1F;
					};
					F50139222DBA3BFD00474F1F = {
						CreatedOnToolsVersion = 16.3;
						TestTargetID = F50139022DBA3BFA00474F1F;
					};
				};
			};
			buildConfigurationList = F50138FE2DBA3BFA00474F1F /* Build configuration list for PBXProject "EnVTest2" */;
			developmentRegion = en;
			hasScannedForEncodings = 0;
			knownRegions = (
				en,
				Base,
			);
			mainGroup = F50138FA2DBA3BFA00474F1F;
			minimizedProjectReferenceProxies = 1;
			preferredProjectObjectVersion = 77;
			productRefGroup = F50139042DBA3BFA00474F1F /* Products */;
			projectDirPath = "";
			projectRoot = "";
			targets = (
				F50139022DBA3BFA00474F1F /* EnVTest2 */,
				F50139182DBA3BFD00474F1F /* EnVTest2Tests */,
				F50139222DBA3BFD00474F1F /* EnVTest2UITests */,
			);
		};
/* End PBXProject section */

/* Begin PBXResourcesBuildPhase section */
		F50139012DBA3BFA00474F1F /* Resources */ = {
			isa = PBXResourcesBuildPhase;
			buildActionMask = 2147483647;
			files = (
			);
			runOnlyForDeploymentPostprocessing = 0;
		};
		F50139172DBA3BFD00474F1F /* Resources */ = {
			isa = PBXResourcesBuildPhase;
			buildActionMask = 2147483647;
			files = (
			);
			runOnlyForDeploymentPostprocessing = 0;
		};
		F50139212DBA3BFD00474F1F /* Resources */ = {
			isa = PBXResourcesBuildPhase;
			buildActionMask = 2147483647;
			files = (
			);
			runOnlyForDeploymentPostprocessing = 0;
		};
/* End PBXResourcesBuildPhase section */

/* Begin PBXSourcesBuildPhase section */
		F50138FF2DBA3BFA00474F1F /* Sources */ = {
			isa = PBXSourcesBuildPhase;
			buildActionMask = 2147483647;
			files = (
			);
			runOnlyForDeploymentPostprocessing = 0;
		};
		F50139152DBA3BFD00474F1F /* Sources */ = {
			isa = PBXSourcesBuildPhase;
			buildActionMask = 2147483647;
			files = (
			);
			runOnlyForDeploymentPostprocessing = 0;
		};
		F501391F2DBA3BFD00474F1F /* Sources */ = {
			isa = PBXSourcesBuildPhase;
			buildActionMask = 2147483647;
			files = (
			);
			runOnlyForDeploymentPostprocessing = 0;
		};
/* End PBXSourcesBuildPhase section */

/* Begin PBXTargetDependency section */
		F501391B2DBA3BFD00474F1F /* PBXTargetDependency */ = {
			isa = PBXTargetDependency;
			target = F50139022DBA3BFA00474F1F /* EnVTest2 */;
			targetProxy = F501391A2DBA3BFD00474F1F /* PBXContainerItemProxy */;
		};
		F50139252DBA3BFD00474F1F /* PBXTargetDependency */ = {
			isa = PBXTargetDependency;
			target = F50139022DBA3BFA00474F1F /* EnVTest2 */;
			targetProxy = F50139242DBA3BFD00474F1F /* PBXContainerItemProxy */;
		};
/* End PBXTargetDependency section */

/* Begin XCBuildConfiguration section */
		F501392D2DBA3BFD00474F1F /* Debug */ = {
			isa = XCBuildConfiguration;
			buildSettings = {
				ASSETCATALOG_COMPILER_APPICON_NAME = AppIcon;
				ASSETCATALOG_COMPILER_GLOBAL_ACCENT_COLOR_NAME = AccentColor;
				CODE_SIGN_STYLE = Automatic;
				CURRENT_PROJECT_VERSION = 1;
				DEVELOPMENT_TEAM = 6793T2GZPD;
				GENERATE_INFOPLIST_FILE = YES;
				INFOPLIST_FILE = EnVTest2/Info.plist;
				INFOPLIST_KEY_UIApplicationSupportsIndirectInputEvents = YES;
				INFOPLIST_KEY_UILaunchStoryboardName = LaunchScreen;
				INFOPLIST_KEY_UIMainStoryboardFile = Main;
				INFOPLIST_KEY_UISupportedInterfaceOrientations_iPad = "UIInterfaceOrientationPortrait UIInterfaceOrientationPortraitUpsideDown UIInterfaceOrientationLandscapeLeft UIInterfaceOrientationLandscapeRight";
				INFOPLIST_KEY_UISupportedInterfaceOrientations_iPhone = "UIInterfaceOrientationPortrait UIInterfaceOrientationLandscapeLeft UIInterfaceOrientationLandscapeRight";
				IPHONEOS_DEPLOYMENT_TARGET = 15.6;
				LD_RUNPATH_SEARCH_PATHS = (
					"$(inherited)",
					"@executable_path/Frameworks",
				);
				MARKETING_VERSION = 1.0;
				PRODUCT_BUNDLE_IDENTIFIER = pyronix.EnVTest2;
				PRODUCT_NAME = "$(TARGET_NAME)";
				SWIFT_EMIT_LOC_STRINGS = YES;
				SWIFT_VERSION = 5.0;
				TARGETED_DEVICE_FAMILY = "1,2";
			};
			name = Debug;
		};
		F501392E2DBA3BFD00474F1F /* Release */ = {
			isa = XCBuildConfiguration;
			buildSettings = {
				ASSETCATALOG_COMPILER_APPICON_NAME = AppIcon;
				ASSETCATALOG_COMPILER_GLOBAL_ACCENT_COLOR_NAME = AccentColor;
				CODE_SIGN_STYLE = Automatic;
				CURRENT_PROJECT_VERSION = 1;
				DEVELOPMENT_TEAM = 6793T2GZPD;
				GENERATE_INFOPLIST_FILE = YES;
				INFOPLIST_FILE = EnVTest2/Info.plist;
				INFOPLIST_KEY_UIApplicationSupportsIndirectInputEvents = YES;
				INFOPLIST_KEY_UILaunchStoryboardName = LaunchScreen;
				INFOPLIST_KEY_UIMainStoryboardFile = Main;
				INFOPLIST_KEY_UISupportedInterfaceOrientations_iPad = "UIInterfaceOrientationPortrait UIInterfaceOrientationPortraitUpsideDown UIInterfaceOrientationLandscapeLeft UIInterfaceOrientationLandscapeRight";
				INFOPLIST_KEY_UISupportedInterfaceOrientations_iPhone = "UIInterfaceOrientationPortrait UIInterfaceOrientationLandscapeLeft UIInterfaceOrientationLandscapeRight";
				IPHONEOS_DEPLOYMENT_TARGET = 15.6;
				LD_RUNPATH_SEARCH_PATHS = (
					"$(inherited)",
					"@executable_path/Frameworks",
				);
				MARKETING_VERSION = 1.0;
				PRODUCT_BUNDLE_IDENTIFIER = pyronix.EnVTest2;
				PRODUCT_NAME = "$(TARGET_NAME)";
				SWIFT_EMIT_LOC_STRINGS = YES;
				SWIFT_VERSION = 5.0;
				TARGETED_DEVICE_FAMILY = "1,2";
			};
			name = Release;
		};
		F501392F2DBA3BFD00474F1F /* Debug */ = {
			isa = XCBuildConfiguration;
			buildSettings = {
				ALWAYS_SEARCH_USER_PATHS = NO;
				ASSETCATALOG_COMPILER_GENERATE_SWIFT_ASSET_SYMBOL_EXTENSIONS = YES;
				CLANG_ANALYZER_NONNULL = YES;
				CLANG_ANALYZER_NUMBER_OBJECT_CONVERSION = YES_AGGRESSIVE;
				CLANG_CXX_LANGUAGE_STANDARD = "gnu++20";
				CLANG_ENABLE_MODULES = YES;
				CLANG_ENABLE_OBJC_ARC = YES;
				CLANG_ENABLE_OBJC_WEAK = YES;
				CLANG_WARN_BLOCK_CAPTURE_AUTORELEASING = YES;
				CLANG_WARN_BOOL_CONVERSION = YES;
				CLANG_WARN_COMMA = YES;
				CLANG_WARN_CONSTANT_CONVERSION = YES;
				CLANG_WARN_DEPRECATED_OBJC_IMPLEMENTATIONS = YES;
				CLANG_WARN_DIRECT_OBJC_ISA_USAGE = YES_ERROR;
				CLANG_WARN_DOCUMENTATION_COMMENTS = YES;
				CLANG_WARN_EMPTY_BODY = YES;
				CLANG_WARN_ENUM_CONVERSION = YES;
				CLANG_WARN_INFINITE_RECURSION = YES;
				CLANG_WARN_INT_CONVERSION = YES;
				CLANG_WARN_NON_LITERAL_NULL_CONVERSION = YES;
				CLANG_WARN_OBJC_IMPLICIT_RETAIN_SELF = YES;
				CLANG_WARN_OBJC_LITERAL_CONVERSION = YES;
				CLANG_WARN_OBJC_ROOT_CLASS = YES_ERROR;
				CLANG_WARN_QUOTED_INCLUDE_IN_FRAMEWORK_HEADER = YES;
				CLANG_WARN_RANGE_LOOP_ANALYSIS = YES;
				CLANG_WARN_STRICT_PROTOTYPES = YES;
				CLANG_WARN_SUSPICIOUS_MOVE = YES;
				CLANG_WARN_UNGUARDED_AVAILABILITY = YES_AGGRESSIVE;
				CLANG_WARN_UNREACHABLE_CODE = YES;
				CLANG_WARN__DUPLICATE_METHOD_MATCH = YES;
				COPY_PHASE_STRIP = NO;
				DEBUG_INFORMATION_FORMAT = dwarf;
				DEVELOPMENT_TEAM = 6793T2GZPD;
				ENABLE_STRICT_OBJC_MSGSEND = YES;
				ENABLE_TESTABILITY = YES;
				ENABLE_USER_SCRIPT_SANDBOXING = YES;
				GCC_C_LANGUAGE_STANDARD = gnu17;
				GCC_DYNAMIC_NO_PIC = NO;
				GCC_NO_COMMON_BLOCKS = YES;
				GCC_OPTIMIZATION_LEVEL = 0;
				GCC_PREPROCESSOR_DEFINITIONS = (
					"DEBUG=1",
					"$(inherited)",
				);
				GCC_WARN_64_TO_32_BIT_CONVERSION = YES;
				GCC_WARN_ABOUT_RETURN_TYPE = YES_ERROR;
				GCC_WARN_UNDECLARED_SELECTOR = YES;
				GCC_WARN_UNINITIALIZED_AUTOS = YES_AGGRESSIVE;
				GCC_WARN_UNUSED_FUNCTION = YES;
				GCC_WARN_UNUSED_VARIABLE = YES;
				IPHONEOS_DEPLOYMENT_TARGET = 18.4;
				LOCALIZATION_PREFERS_STRING_CATALOGS = YES;
				MTL_ENABLE_DEBUG_INFO = INCLUDE_SOURCE;
				MTL_FAST_MATH = YES;
				ONLY_ACTIVE_ARCH = YES;
				SDKROOT = iphoneos;
				SWIFT_ACTIVE_COMPILATION_CONDITIONS = "DEBUG $(inherited)";
				SWIFT_OPTIMIZATION_LEVEL = "-Onone";
			};
			name = Debug;
		};
		F50139302DBA3BFD00474F1F /* Release */ = {
			isa = XCBuildConfiguration;
			buildSettings = {
				ALWAYS_SEARCH_USER_PATHS = NO;
				ASSETCATALOG_COMPILER_GENERATE_SWIFT_ASSET_SYMBOL_EXTENSIONS = YES;
				CLANG_ANALYZER_NONNULL = YES;
				CLANG_ANALYZER_NUMBER_OBJECT_CONVERSION = YES_AGGRESSIVE;
				CLANG_CXX_LANGUAGE_STANDARD = "gnu++20";
				CLANG_ENABLE_MODULES = YES;
				CLANG_ENABLE_OBJC_ARC = YES;
				CLANG_ENABLE_OBJC_WEAK = YES;
				CLANG_WARN_BLOCK_CAPTURE_AUTORELEASING = YES;
				CLANG_WARN_BOOL_CONVERSION = YES;
				CLANG_WARN_COMMA = YES;
				CLANG_WARN_CONSTANT_CONVERSION = YES;
				CLANG_WARN_DEPRECATED_OBJC_IMPLEMENTATIONS = YES;
				CLANG_WARN_DIRECT_OBJC_ISA_USAGE = YES_ERROR;
				CLANG_WARN_DOCUMENTATION_COMMENTS = YES;
				CLANG_WARN_EMPTY_BODY = YES;
				CLANG_WARN_ENUM_CONVERSION = YES;
				CLANG_WARN_INFINITE_RECURSION = YES;
				CLANG_WARN_INT_CONVERSION = YES;
				CLANG_WARN_NON_LITERAL_NULL_CONVERSION = YES;
				CLANG_WARN_OBJC_IMPLICIT_RETAIN_SELF = YES;
				CLANG_WARN_OBJC_LITERAL_CONVERSION = YES;
				CLANG_WARN_OBJC_ROOT_CLASS = YES_ERROR;
				CLANG_WARN_QUOTED_INCLUDE_IN_FRAMEWORK_HEADER = YES;
				CLANG_WARN_RANGE_LOOP_ANALYSIS = YES;
				CLANG_WARN_STRICT_PROTOTYPES = YES;
				CLANG_WARN_SUSPICIOUS_MOVE = YES;
				CLANG_WARN_UNGUARDED_AVAILABILITY = YES_AGGRESSIVE;
				CLANG_WARN_UNREACHABLE_CODE = YES;
				CLANG_WARN__DUPLICATE_METHOD_MATCH = YES;
				COPY_PHASE_STRIP = NO;
				DEBUG_INFORMATION_FORMAT = "dwarf-with-dsym";
				DEVELOPMENT_TEAM = 6793T2GZPD;
				ENABLE_NS_ASSERTIONS = NO;
				ENABLE_STRICT_OBJC_MSGSEND = YES;
				ENABLE_USER_SCRIPT_SANDBOXING = YES;
				GCC_C_LANGUAGE_STANDARD = gnu17;
				GCC_NO_COMMON_BLOCKS = YES;
				GCC_WARN_64_TO_32_BIT_CONVERSION = YES;
				GCC_WARN_ABOUT_RETURN_TYPE = YES_ERROR;
				GCC_WARN_UNDECLARED_SELECTOR = YES;
				GCC_WARN_UNINITIALIZED_AUTOS = YES_AGGRESSIVE;
				GCC_WARN_UNUSED_FUNCTION = YES;
				GCC_WARN_UNUSED_VARIABLE = YES;
				IPHONEOS_DEPLOYMENT_TARGET = 18.4;
				LOCALIZATION_PREFERS_STRING_CATALOGS = YES;
				MTL_ENABLE_DEBUG_INFO = NO;
				MTL_FAST_MATH = YES;
				SDKROOT = iphoneos;
				SWIFT_COMPILATION_MODE = wholemodule;
				VALIDATE_PRODUCT = YES;
			};
			name = Release;
		};
		F50139322DBA3BFD00474F1F /* Debug */ = {
			isa = XCBuildConfiguration;
			buildSettings = {
				BUNDLE_LOADER = "$(TEST_HOST)";
				CODE_SIGN_STYLE = Automatic;
				CURRENT_PROJECT_VERSION = 1;
				DEVELOPMENT_TEAM = 6793T2GZPD;
				GENERATE_INFOPLIST_FILE = YES;
				IPHONEOS_DEPLOYMENT_TARGET = 18.4;
				MARKETING_VERSION = 1.0;
				PRODUCT_BUNDLE_IDENTIFIER = pyronix.EnVTest2Tests;
				PRODUCT_NAME = "$(TARGET_NAME)";
				SWIFT_EMIT_LOC_STRINGS = NO;
				SWIFT_VERSION = 5.0;
				TARGETED_DEVICE_FAMILY = "1,2";
				TEST_HOST = "$(BUILT_PRODUCTS_DIR)/EnVTest2.app/$(BUNDLE_EXECUTABLE_FOLDER_PATH)/EnVTest2";
			};
			name = Debug;
		};
		F50139332DBA3BFD00474F1F /* Release */ = {
			isa = XCBuildConfiguration;
			buildSettings = {
				BUNDLE_LOADER = "$(TEST_HOST)";
				CODE_SIGN_STYLE = Automatic;
				CURRENT_PROJECT_VERSION = 1;
				DEVELOPMENT_TEAM = 6793T2GZPD;
				GENERATE_INFOPLIST_FILE = YES;
				IPHONEOS_DEPLOYMENT_TARGET = 18.4;
				MARKETING_VERSION = 1.0;
				PRODUCT_BUNDLE_IDENTIFIER = pyronix.EnVTest2Tests;
				PRODUCT_NAME = "$(TARGET_NAME)";
				SWIFT_EMIT_LOC_STRINGS = NO;
				SWIFT_VERSION = 5.0;
				TARGETED_DEVICE_FAMILY = "1,2";
				TEST_HOST = "$(BUILT_PRODUCTS_DIR)/EnVTest2.app/$(BUNDLE_EXECUTABLE_FOLDER_PATH)/EnVTest2";
			};
			name = Release;
		};
		F50139352DBA3BFD00474F1F /* Debug */ = {
			isa = XCBuildConfiguration;
			buildSettings = {
				CODE_SIGN_STYLE = Automatic;
				CURRENT_PROJECT_VERSION = 1;
				DEVELOPMENT_TEAM = 6793T2GZPD;
				GENERATE_INFOPLIST_FILE = YES;
				MARKETING_VERSION = 1.0;
				PRODUCT_BUNDLE_IDENTIFIER = pyronix.EnVTest2UITests;
				PRODUCT_NAME = "$(TARGET_NAME)";
				SWIFT_EMIT_LOC_STRINGS = NO;
				SWIFT_VERSION = 5.0;
				TARGETED_DEVICE_FAMILY = "1,2";
				TEST_TARGET_NAME = EnVTest2;
			};
			name = Debug;
		};
		F50139362DBA3BFD00474F1F /* Release */ = {
			isa = XCBuildConfiguration;
			buildSettings = {
				CODE_SIGN_STYLE = Automatic;
				CURRENT_PROJECT_VERSION = 1;
				DEVELOPMENT_TEAM = 6793T2GZPD;
				GENERATE_INFOPLIST_FILE = YES;
				MARKETING_VERSION = 1.0;
				PRODUCT_BUNDLE_IDENTIFIER = pyronix.EnVTest2UITests;
				PRODUCT_NAME = "$(TARGET_NAME)";
				SWIFT_EMIT_LOC_STRINGS = NO;
				SWIFT_VERSION = 5.0;
				TARGETED_DEVICE_FAMILY = "1,2";
				TEST_TARGET_NAME = EnVTest2;
			};
			name = Release;
		};
/* End XCBuildConfiguration section */

/* Begin XCConfigurationList section */
		F50138FE2DBA3BFA00474F1F /* Build configuration list for PBXProject "EnVTest2" */ = {
			isa = XCConfigurationList;
			buildConfigurations = (
				F501392F2DBA3BFD00474F1F /* Debug */,
				F50139302DBA3BFD00474F1F /* Release */,
			);
			defaultConfigurationIsVisible = 0;
			defaultConfigurationName = Release;
		};
		F501392C2DBA3BFD00474F1F /* Build configuration list for PBXNativeTarget "EnVTest2" */ = {
			isa = XCConfigurationList;
			buildConfigurations = (
				F501392D2DBA3BFD00474F1F /* Debug */,
				F501392E2DBA3BFD00474F1F /* Release */,
			);
			defaultConfigurationIsVisible = 0;
			defaultConfigurationName = Release;
		};
		F50139312DBA3BFD00474F1F /* Build configuration list for PBXNativeTarget "EnVTest2Tests" */ = {
			isa = XCConfigurationList;
			buildConfigurations = (
				F50139322DBA3BFD00474F1F /* Debug */,
				F50139332DBA3BFD00474F1F /* Release */,
			);
			defaultConfigurationIsVisible = 0;
			defaultConfigurationName = Release;
		};
		F50139342DBA3BFD00474F1F /* Build configuration list for PBXNativeTarget "EnVTest2UITests" */ = {
			isa = XCConfigurationList;
			buildConfigurations = (
				F50139352DBA3BFD00474F1F /* Debug */,
				F50139362DBA3BFD00474F1F /* Release */,
			);
			defaultConfigurationIsVisible = 0;
			defaultConfigurationName = Release;
		};
/* End XCConfigurationList section */
	};
	rootObject = F50138FB2DBA3BFA00474F1F /* Project object */;
}
